// !$*UTF8*$!
{
	archiveVersion = 1;
	classes = {
	};
	objectVersion = 50;
	objects = {

/* Begin PBXBuildFile section */
		DAACBF122D7782E1882958A9 /* Pods_Budget.framework in Frameworks */ = {isa = PBXBuildFile; fileRef = 258420E8C6E775639257DC36 /* Pods_Budget.framework */; };
		FAA2416B220E2B1A00ED4426 /* OnboardingInitialViewController.swift in Sources */ = {isa = PBXBuildFile; fileRef = FAA2416A220E2B1A00ED4426 /* OnboardingInitialViewController.swift */; };
		FAA2416E220E53A800ED4426 /* FirebaseService.swift in Sources */ = {isa = PBXBuildFile; fileRef = FAA2416D220E53A800ED4426 /* FirebaseService.swift */; };
		FAA24170220E6BEB00ED4426 /* GoogleService-Info.plist in Resources */ = {isa = PBXBuildFile; fileRef = FAA2416F220E6BEB00ED4426 /* GoogleService-Info.plist */; };
		FAA24173220F3A4000ED4426 /* VanguardCF-Bold.otf in Resources */ = {isa = PBXBuildFile; fileRef = FAA24172220F3A4000ED4426 /* VanguardCF-Bold.otf */; };
		FAA24175220F3A5400ED4426 /* VanguardCF-Heavy.otf in Resources */ = {isa = PBXBuildFile; fileRef = FAA24174220F3A5400ED4426 /* VanguardCF-Heavy.otf */; };
		FAC5B21B220A73A600DD66CF /* AppDelegate.swift in Sources */ = {isa = PBXBuildFile; fileRef = FAC5B21A220A73A600DD66CF /* AppDelegate.swift */; };
		FAC5B21D220A73A600DD66CF /* ExpensesHomeViewController.swift in Sources */ = {isa = PBXBuildFile; fileRef = FAC5B21C220A73A600DD66CF /* ExpensesHomeViewController.swift */; };
		FAC5B220220A73A600DD66CF /* Main.storyboard in Resources */ = {isa = PBXBuildFile; fileRef = FAC5B21E220A73A600DD66CF /* Main.storyboard */; };
		FAC5B222220A73A700DD66CF /* Assets.xcassets in Resources */ = {isa = PBXBuildFile; fileRef = FAC5B221220A73A700DD66CF /* Assets.xcassets */; };
		FAC5B225220A73A700DD66CF /* LaunchScreen.storyboard in Resources */ = {isa = PBXBuildFile; fileRef = FAC5B223220A73A700DD66CF /* LaunchScreen.storyboard */; };
		FAC5B230220CE5E200DD66CF /* ColorConstants.swift in Sources */ = {isa = PBXBuildFile; fileRef = FAC5B22F220CE5E200DD66CF /* ColorConstants.swift */; };
		FAC5B239220CEDA100DD66CF /* ExpensesCell.swift in Sources */ = {isa = PBXBuildFile; fileRef = FAC5B237220CEDA100DD66CF /* ExpensesCell.swift */; };
		FAC5B23A220CEDA100DD66CF /* ExpensesCell.xib in Resources */ = {isa = PBXBuildFile; fileRef = FAC5B238220CEDA100DD66CF /* ExpensesCell.xib */; };
		FAC5B23F220CF60600DD66CF /* Expense.swift in Sources */ = {isa = PBXBuildFile; fileRef = FAC5B23E220CF60600DD66CF /* Expense.swift */; };
		FAC5B241220E276F00DD66CF /* Onboarding.storyboard in Resources */ = {isa = PBXBuildFile; fileRef = FAC5B240220E276F00DD66CF /* Onboarding.storyboard */; };
/* End PBXBuildFile section */

/* Begin PBXFileReference section */
		258420E8C6E775639257DC36 /* Pods_Budget.framework */ = {isa = PBXFileReference; explicitFileType = wrapper.framework; includeInIndex = 0; path = Pods_Budget.framework; sourceTree = BUILT_PRODUCTS_DIR; };
		4C0261AAA6ADE54C03D2C4FC /* Pods-Budget.debug.xcconfig */ = {isa = PBXFileReference; includeInIndex = 1; lastKnownFileType = text.xcconfig; name = "Pods-Budget.debug.xcconfig"; path = "Pods/Target Support Files/Pods-Budget/Pods-Budget.debug.xcconfig"; sourceTree = "<group>"; };
		904E0CD4B643F0A440081470 /* Pods-Budget.release.xcconfig */ = {isa = PBXFileReference; includeInIndex = 1; lastKnownFileType = text.xcconfig; name = "Pods-Budget.release.xcconfig"; path = "Pods/Target Support Files/Pods-Budget/Pods-Budget.release.xcconfig"; sourceTree = "<group>"; };
		FAA2416A220E2B1A00ED4426 /* OnboardingInitialViewController.swift */ = {isa = PBXFileReference; lastKnownFileType = sourcecode.swift; path = OnboardingInitialViewController.swift; sourceTree = "<group>"; };
		FAA2416D220E53A800ED4426 /* FirebaseService.swift */ = {isa = PBXFileReference; lastKnownFileType = sourcecode.swift; path = FirebaseService.swift; sourceTree = "<group>"; };
		FAA2416F220E6BEB00ED4426 /* GoogleService-Info.plist */ = {isa = PBXFileReference; fileEncoding = 4; lastKnownFileType = text.plist.xml; path = "GoogleService-Info.plist"; sourceTree = "<group>"; };
		FAA24172220F3A4000ED4426 /* VanguardCF-Bold.otf */ = {isa = PBXFileReference; lastKnownFileType = file; path = "VanguardCF-Bold.otf"; sourceTree = "<group>"; };
		FAA24174220F3A5400ED4426 /* VanguardCF-Heavy.otf */ = {isa = PBXFileReference; lastKnownFileType = file; path = "VanguardCF-Heavy.otf"; sourceTree = "<group>"; };
		FAC5B217220A73A600DD66CF /* Budget.app */ = {isa = PBXFileReference; explicitFileType = wrapper.application; includeInIndex = 0; path = Budget.app; sourceTree = BUILT_PRODUCTS_DIR; };
		FAC5B21A220A73A600DD66CF /* AppDelegate.swift */ = {isa = PBXFileReference; lastKnownFileType = sourcecode.swift; path = AppDelegate.swift; sourceTree = "<group>"; };
		FAC5B21C220A73A600DD66CF /* ExpensesHomeViewController.swift */ = {isa = PBXFileReference; lastKnownFileType = sourcecode.swift; path = ExpensesHomeViewController.swift; sourceTree = "<group>"; };
		FAC5B21F220A73A600DD66CF /* Base */ = {isa = PBXFileReference; lastKnownFileType = file.storyboard; name = Base; path = Base.lproj/Main.storyboard; sourceTree = "<group>"; };
		FAC5B221220A73A700DD66CF /* Assets.xcassets */ = {isa = PBXFileReference; lastKnownFileType = folder.assetcatalog; path = Assets.xcassets; sourceTree = "<group>"; };
		FAC5B224220A73A700DD66CF /* Base */ = {isa = PBXFileReference; lastKnownFileType = file.storyboard; name = Base; path = Base.lproj/LaunchScreen.storyboard; sourceTree = "<group>"; };
		FAC5B226220A73A700DD66CF /* Info.plist */ = {isa = PBXFileReference; lastKnownFileType = text.plist.xml; path = Info.plist; sourceTree = "<group>"; };
		FAC5B22F220CE5E200DD66CF /* ColorConstants.swift */ = {isa = PBXFileReference; fileEncoding = 4; lastKnownFileType = sourcecode.swift; path = ColorConstants.swift; sourceTree = "<group>"; };
		FAC5B237220CEDA100DD66CF /* ExpensesCell.swift */ = {isa = PBXFileReference; lastKnownFileType = sourcecode.swift; path = ExpensesCell.swift; sourceTree = "<group>"; };
		FAC5B238220CEDA100DD66CF /* ExpensesCell.xib */ = {isa = PBXFileReference; lastKnownFileType = file.xib; path = ExpensesCell.xib; sourceTree = "<group>"; };
		FAC5B23E220CF60600DD66CF /* Expense.swift */ = {isa = PBXFileReference; lastKnownFileType = sourcecode.swift; path = Expense.swift; sourceTree = "<group>"; };
		FAC5B240220E276F00DD66CF /* Onboarding.storyboard */ = {isa = PBXFileReference; lastKnownFileType = file.storyboard; path = Onboarding.storyboard; sourceTree = "<group>"; };
/* End PBXFileReference section */

/* Begin PBXFrameworksBuildPhase section */
		FAC5B214220A73A600DD66CF /* Frameworks */ = {
			isa = PBXFrameworksBuildPhase;
			buildActionMask = 2147483647;
			files = (
				DAACBF122D7782E1882958A9 /* Pods_Budget.framework in Frameworks */,
			);
			runOnlyForDeploymentPostprocessing = 0;
		};
/* End PBXFrameworksBuildPhase section */

/* Begin PBXGroup section */
		CE2A28745E68BF05561D8844 /* Pods */ = {
			isa = PBXGroup;
			children = (
				4C0261AAA6ADE54C03D2C4FC /* Pods-Budget.debug.xcconfig */,
				904E0CD4B643F0A440081470 /* Pods-Budget.release.xcconfig */,
			);
			name = Pods;
			sourceTree = "<group>";
		};
		D4E4A11D92CCB0E63B02BD5F /* Frameworks */ = {
			isa = PBXGroup;
			children = (
				258420E8C6E775639257DC36 /* Pods_Budget.framework */,
			);
			name = Frameworks;
			sourceTree = "<group>";
		};
		FAA2416C220E538F00ED4426 /* Service */ = {
			isa = PBXGroup;
			children = (
				FAA2416D220E53A800ED4426 /* FirebaseService.swift */,
			);
			path = Service;
			sourceTree = "<group>";
		};
		FAA24171220F39D200ED4426 /* Fonts */ = {
			isa = PBXGroup;
			children = (
				FAA24172220F3A4000ED4426 /* VanguardCF-Bold.otf */,
				FAA24174220F3A5400ED4426 /* VanguardCF-Heavy.otf */,
			);
			path = Fonts;
			sourceTree = "<group>";
		};
		FAC5B20E220A73A600DD66CF = {
			isa = PBXGroup;
			children = (
				FAC5B219220A73A600DD66CF /* Budget */,
				FAC5B218220A73A600DD66CF /* Products */,
				CE2A28745E68BF05561D8844 /* Pods */,
				D4E4A11D92CCB0E63B02BD5F /* Frameworks */,
			);
			sourceTree = "<group>";
		};
		FAC5B218220A73A600DD66CF /* Products */ = {
			isa = PBXGroup;
			children = (
				FAC5B217220A73A600DD66CF /* Budget.app */,
			);
			name = Products;
			sourceTree = "<group>";
		};
		FAC5B219220A73A600DD66CF /* Budget */ = {
			isa = PBXGroup;
			children = (
				FAA2416F220E6BEB00ED4426 /* GoogleService-Info.plist */,
				FAC5B226220A73A700DD66CF /* Info.plist */,
				FAC5B21A220A73A600DD66CF /* AppDelegate.swift */,
				FAC5B232220CEB6D00DD66CF /* Assets */,
				FAC5B231220CEB2D00DD66CF /* View Controller */,
				FAC5B236220CED7100DD66CF /* Model */,
				FAA24171220F39D200ED4426 /* Fonts */,
				FAC5B22E220CE4F900DD66CF /* Constants */,
				FAA2416C220E538F00ED4426 /* Service */,
			);
			path = Budget;
			sourceTree = "<group>";
		};
		FAC5B22E220CE4F900DD66CF /* Constants */ = {
			isa = PBXGroup;
			children = (
				FAC5B22F220CE5E200DD66CF /* ColorConstants.swift */,
			);
			path = Constants;
			sourceTree = "<group>";
		};
		FAC5B231220CEB2D00DD66CF /* View Controller */ = {
			isa = PBXGroup;
			children = (
				FAC5B21C220A73A600DD66CF /* ExpensesHomeViewController.swift */,
				FAA2416A220E2B1A00ED4426 /* OnboardingInitialViewController.swift */,
			);
			path = "View Controller";
			sourceTree = "<group>";
		};
		FAC5B232220CEB6D00DD66CF /* Assets */ = {
			isa = PBXGroup;
			children = (
				FAC5B234220CEB7D00DD66CF /* Storyboard */,
				FAC5B233220CEB7400DD66CF /* Assets */,
			);
			path = Assets;
			sourceTree = "<group>";
		};
		FAC5B233220CEB7400DD66CF /* Assets */ = {
			isa = PBXGroup;
			children = (
				FAC5B221220A73A700DD66CF /* Assets.xcassets */,
			);
			path = Assets;
			sourceTree = "<group>";
		};
		FAC5B234220CEB7D00DD66CF /* Storyboard */ = {
			isa = PBXGroup;
			children = (
				FAC5B223220A73A700DD66CF /* LaunchScreen.storyboard */,
				FAC5B21E220A73A600DD66CF /* Main.storyboard */,
				FAC5B240220E276F00DD66CF /* Onboarding.storyboard */,
			);
			path = Storyboard;
			sourceTree = "<group>";
		};
		FAC5B236220CED7100DD66CF /* Model */ = {
			isa = PBXGroup;
			children = (
				FAC5B23D220CF5F400DD66CF /* 01. Expenses */,
			);
			path = Model;
			sourceTree = "<group>";
		};
		FAC5B23B220CF5D900DD66CF /* Expenses Cell */ = {
			isa = PBXGroup;
			children = (
				FAC5B237220CEDA100DD66CF /* ExpensesCell.swift */,
				FAC5B238220CEDA100DD66CF /* ExpensesCell.xib */,
			);
			path = "Expenses Cell";
			sourceTree = "<group>";
		};
		FAC5B23C220CF5E700DD66CF /* Expenses Object */ = {
			isa = PBXGroup;
			children = (
				FAC5B23E220CF60600DD66CF /* Expense.swift */,
			);
			path = "Expenses Object";
			sourceTree = "<group>";
		};
		FAC5B23D220CF5F400DD66CF /* 01. Expenses */ = {
			isa = PBXGroup;
			children = (
				FAC5B23C220CF5E700DD66CF /* Expenses Object */,
				FAC5B23B220CF5D900DD66CF /* Expenses Cell */,
			);
			path = "01. Expenses";
			sourceTree = "<group>";
		};
/* End PBXGroup section */

/* Begin PBXNativeTarget section */
		FAC5B216220A73A600DD66CF /* Budget */ = {
			isa = PBXNativeTarget;
			buildConfigurationList = FAC5B229220A73A700DD66CF /* Build configuration list for PBXNativeTarget "Budget" */;
			buildPhases = (
				CF0AE7932C4F38D7F3D27628 /* [CP] Check Pods Manifest.lock */,
				FAC5B213220A73A600DD66CF /* Sources */,
				FAC5B214220A73A600DD66CF /* Frameworks */,
				FAC5B215220A73A600DD66CF /* Resources */,
				8AA1B3E1532A3C808403CF31 /* [CP] Embed Pods Frameworks */,
				86E8DCC67E5DCF14179FDF59 /* [CP] Copy Pods Resources */,
			);
			buildRules = (
			);
			dependencies = (
			);
			name = Budget;
			productName = Budget;
			productReference = FAC5B217220A73A600DD66CF /* Budget.app */;
			productType = "com.apple.product-type.application";
		};
/* End PBXNativeTarget section */

/* Begin PBXProject section */
		FAC5B20F220A73A600DD66CF /* Project object */ = {
			isa = PBXProject;
			attributes = {
				LastSwiftUpdateCheck = 1010;
				LastUpgradeCheck = 1010;
				ORGANIZATIONNAME = "João Leite";
				TargetAttributes = {
					FAC5B216220A73A600DD66CF = {
						CreatedOnToolsVersion = 10.1;
					};
				};
			};
			buildConfigurationList = FAC5B212220A73A600DD66CF /* Build configuration list for PBXProject "Budget" */;
			compatibilityVersion = "Xcode 9.3";
			developmentRegion = en;
			hasScannedForEncodings = 0;
			knownRegions = (
				en,
				Base,
			);
			mainGroup = FAC5B20E220A73A600DD66CF;
			productRefGroup = FAC5B218220A73A600DD66CF /* Products */;
			projectDirPath = "";
			projectRoot = "";
			targets = (
				FAC5B216220A73A600DD66CF /* Budget */,
			);
		};
/* End PBXProject section */

/* Begin PBXResourcesBuildPhase section */
		FAC5B215220A73A600DD66CF /* Resources */ = {
			isa = PBXResourcesBuildPhase;
			buildActionMask = 2147483647;
			files = (
				FAC5B23A220CEDA100DD66CF /* ExpensesCell.xib in Resources */,
				FAA24173220F3A4000ED4426 /* VanguardCF-Bold.otf in Resources */,
				FAA24170220E6BEB00ED4426 /* GoogleService-Info.plist in Resources */,
				FAC5B225220A73A700DD66CF /* LaunchScreen.storyboard in Resources */,
				FAC5B241220E276F00DD66CF /* Onboarding.storyboard in Resources */,
				FAC5B222220A73A700DD66CF /* Assets.xcassets in Resources */,
				FAA24175220F3A5400ED4426 /* VanguardCF-Heavy.otf in Resources */,
				FAC5B220220A73A600DD66CF /* Main.storyboard in Resources */,
			);
			runOnlyForDeploymentPostprocessing = 0;
		};
/* End PBXResourcesBuildPhase section */

/* Begin PBXShellScriptBuildPhase section */
		86E8DCC67E5DCF14179FDF59 /* [CP] Copy Pods Resources */ = {
			isa = PBXShellScriptBuildPhase;
			buildActionMask = 2147483647;
			files = (
			);
			inputFileListPaths = (
			);
			inputPaths = (
				"${SRCROOT}/Pods/Target Support Files/Pods-Budget/Pods-Budget-resources.sh",
				"${PODS_ROOT}/GoogleSignIn/Resources/GoogleSignIn.bundle",
			);
			name = "[CP] Copy Pods Resources";
			outputFileListPaths = (
			);
			outputPaths = (
				"${TARGET_BUILD_DIR}/${UNLOCALIZED_RESOURCES_FOLDER_PATH}/GoogleSignIn.bundle",
			);
			runOnlyForDeploymentPostprocessing = 0;
			shellPath = /bin/sh;
			shellScript = "\"${SRCROOT}/Pods/Target Support Files/Pods-Budget/Pods-Budget-resources.sh\"\n";
			showEnvVarsInLog = 0;
		};
		8AA1B3E1532A3C808403CF31 /* [CP] Embed Pods Frameworks */ = {
			isa = PBXShellScriptBuildPhase;
			buildActionMask = 2147483647;
			files = (
			);
			inputFileListPaths = (
			);
			inputPaths = (
				"${SRCROOT}/Pods/Target Support Files/Pods-Budget/Pods-Budget-frameworks.sh",
				"${BUILT_PRODUCTS_DIR}/BoringSSL/openssl.framework",
				"${BUILT_PRODUCTS_DIR}/GTMOAuth2/GTMOAuth2.framework",
				"${BUILT_PRODUCTS_DIR}/GTMSessionFetcher/GTMSessionFetcher.framework",
				"${BUILT_PRODUCTS_DIR}/GoogleToolboxForMac/GoogleToolboxForMac.framework",
				"${BUILT_PRODUCTS_DIR}/GoogleUtilities/GoogleUtilities.framework",
				"${BUILT_PRODUCTS_DIR}/ObjectMapper/ObjectMapper.framework",
				"${BUILT_PRODUCTS_DIR}/Protobuf/Protobuf.framework",
				"${BUILT_PRODUCTS_DIR}/gRPC/GRPCClient.framework",
				"${BUILT_PRODUCTS_DIR}/gRPC-C++/grpcpp.framework",
				"${BUILT_PRODUCTS_DIR}/gRPC-Core/grpc.framework",
				"${BUILT_PRODUCTS_DIR}/gRPC-ProtoRPC/ProtoRPC.framework",
				"${BUILT_PRODUCTS_DIR}/gRPC-RxLibrary/RxLibrary.framework",
				"${BUILT_PRODUCTS_DIR}/leveldb-library/leveldb.framework",
				"${BUILT_PRODUCTS_DIR}/nanopb/nanopb.framework",
			);
			name = "[CP] Embed Pods Frameworks";
			outputFileListPaths = (
			);
			outputPaths = (
				"${TARGET_BUILD_DIR}/${FRAMEWORKS_FOLDER_PATH}/openssl.framework",
				"${TARGET_BUILD_DIR}/${FRAMEWORKS_FOLDER_PATH}/GTMOAuth2.framework",
				"${TARGET_BUILD_DIR}/${FRAMEWORKS_FOLDER_PATH}/GTMSessionFetcher.framework",
				"${TARGET_BUILD_DIR}/${FRAMEWORKS_FOLDER_PATH}/GoogleToolboxForMac.framework",
				"${TARGET_BUILD_DIR}/${FRAMEWORKS_FOLDER_PATH}/GoogleUtilities.framework",
				"${TARGET_BUILD_DIR}/${FRAMEWORKS_FOLDER_PATH}/ObjectMapper.framework",
				"${TARGET_BUILD_DIR}/${FRAMEWORKS_FOLDER_PATH}/Protobuf.framework",
				"${TARGET_BUILD_DIR}/${FRAMEWORKS_FOLDER_PATH}/GRPCClient.framework",
				"${TARGET_BUILD_DIR}/${FRAMEWORKS_FOLDER_PATH}/grpcpp.framework",
				"${TARGET_BUILD_DIR}/${FRAMEWORKS_FOLDER_PATH}/grpc.framework",
				"${TARGET_BUILD_DIR}/${FRAMEWORKS_FOLDER_PATH}/ProtoRPC.framework",
				"${TARGET_BUILD_DIR}/${FRAMEWORKS_FOLDER_PATH}/RxLibrary.framework",
				"${TARGET_BUILD_DIR}/${FRAMEWORKS_FOLDER_PATH}/leveldb.framework",
				"${TARGET_BUILD_DIR}/${FRAMEWORKS_FOLDER_PATH}/nanopb.framework",
			);
			runOnlyForDeploymentPostprocessing = 0;
			shellPath = /bin/sh;
			shellScript = "\"${SRCROOT}/Pods/Target Support Files/Pods-Budget/Pods-Budget-frameworks.sh\"\n";
			showEnvVarsInLog = 0;
		};
		CF0AE7932C4F38D7F3D27628 /* [CP] Check Pods Manifest.lock */ = {
			isa = PBXShellScriptBuildPhase;
			buildActionMask = 2147483647;
			files = (
			);
			inputFileListPaths = (
			);
			inputPaths = (
				"${PODS_PODFILE_DIR_PATH}/Podfile.lock",
				"${PODS_ROOT}/Manifest.lock",
			);
			name = "[CP] Check Pods Manifest.lock";
			outputFileListPaths = (
			);
			outputPaths = (
				"$(DERIVED_FILE_DIR)/Pods-Budget-checkManifestLockResult.txt",
			);
			runOnlyForDeploymentPostprocessing = 0;
			shellPath = /bin/sh;
			shellScript = "diff \"${PODS_PODFILE_DIR_PATH}/Podfile.lock\" \"${PODS_ROOT}/Manifest.lock\" > /dev/null\nif [ $? != 0 ] ; then\n    # print error to STDERR\n    echo \"error: The sandbox is not in sync with the Podfile.lock. Run 'pod install' or update your CocoaPods installation.\" >&2\n    exit 1\nfi\n# This output is used by Xcode 'outputs' to avoid re-running this script phase.\necho \"SUCCESS\" > \"${SCRIPT_OUTPUT_FILE_0}\"\n";
			showEnvVarsInLog = 0;
		};
/* End PBXShellScriptBuildPhase section */

/* Begin PBXSourcesBuildPhase section */
		FAC5B213220A73A600DD66CF /* Sources */ = {
			isa = PBXSourcesBuildPhase;
			buildActionMask = 2147483647;
			files = (
				FAA2416B220E2B1A00ED4426 /* OnboardingInitialViewController.swift in Sources */,
				FAC5B239220CEDA100DD66CF /* ExpensesCell.swift in Sources */,
				FAC5B230220CE5E200DD66CF /* ColorConstants.swift in Sources */,
				FAC5B21D220A73A600DD66CF /* ExpensesHomeViewController.swift in Sources */,
				FAA2416E220E53A800ED4426 /* FirebaseService.swift in Sources */,
				FAC5B21B220A73A600DD66CF /* AppDelegate.swift in Sources */,
				FAC5B23F220CF60600DD66CF /* Expense.swift in Sources */,
			);
			runOnlyForDeploymentPostprocessing = 0;
		};
/* End PBXSourcesBuildPhase section */

/* Begin PBXVariantGroup section */
		FAC5B21E220A73A600DD66CF /* Main.storyboard */ = {
			isa = PBXVariantGroup;
			children = (
				FAC5B21F220A73A600DD66CF /* Base */,
			);
			name = Main.storyboard;
			sourceTree = "<group>";
		};
		FAC5B223220A73A700DD66CF /* LaunchScreen.storyboard */ = {
			isa = PBXVariantGroup;
			children = (
				FAC5B224220A73A700DD66CF /* Base */,
			);
			name = LaunchScreen.storyboard;
			sourceTree = "<group>";
		};
/* End PBXVariantGroup section */

/* Begin XCBuildConfiguration section */
		FAC5B227220A73A700DD66CF /* Debug */ = {
			isa = XCBuildConfiguration;
			buildSettings = {
				ALWAYS_SEARCH_USER_PATHS = NO;
				CLANG_ANALYZER_NONNULL = YES;
				CLANG_ANALYZER_NUMBER_OBJECT_CONVERSION = YES_AGGRESSIVE;
				CLANG_CXX_LANGUAGE_STANDARD = "gnu++14";
				CLANG_CXX_LIBRARY = "libc++";
				CLANG_ENABLE_MODULES = YES;
				CLANG_ENABLE_OBJC_ARC = YES;
				CLANG_ENABLE_OBJC_WEAK = YES;
				CLANG_WARN_BLOCK_CAPTURE_AUTORELEASING = YES;
				CLANG_WARN_BOOL_CONVERSION = YES;
				CLANG_WARN_COMMA = YES;
				CLANG_WARN_CONSTANT_CONVERSION = YES;
				CLANG_WARN_DEPRECATED_OBJC_IMPLEMENTATIONS = YES;
				CLANG_WARN_DIRECT_OBJC_ISA_USAGE = YES_ERROR;
				CLANG_WARN_DOCUMENTATION_COMMENTS = YES;
				CLANG_WARN_EMPTY_BODY = YES;
				CLANG_WARN_ENUM_CONVERSION = YES;
				CLANG_WARN_INFINITE_RECURSION = YES;
				CLANG_WARN_INT_CONVERSION = YES;
				CLANG_WARN_NON_LITERAL_NULL_CONVERSION = YES;
				CLANG_WARN_OBJC_IMPLICIT_RETAIN_SELF = YES;
				CLANG_WARN_OBJC_LITERAL_CONVERSION = YES;
				CLANG_WARN_OBJC_ROOT_CLASS = YES_ERROR;
				CLANG_WARN_RANGE_LOOP_ANALYSIS = YES;
				CLANG_WARN_STRICT_PROTOTYPES = YES;
				CLANG_WARN_SUSPICIOUS_MOVE = YES;
				CLANG_WARN_UNGUARDED_AVAILABILITY = YES_AGGRESSIVE;
				CLANG_WARN_UNREACHABLE_CODE = YES;
				CLANG_WARN__DUPLICATE_METHOD_MATCH = YES;
				CODE_SIGN_IDENTITY = "iPhone Developer";
				COPY_PHASE_STRIP = NO;
				DEBUG_INFORMATION_FORMAT = dwarf;
				ENABLE_STRICT_OBJC_MSGSEND = YES;
				ENABLE_TESTABILITY = YES;
				GCC_C_LANGUAGE_STANDARD = gnu11;
				GCC_DYNAMIC_NO_PIC = NO;
				GCC_NO_COMMON_BLOCKS = YES;
				GCC_OPTIMIZATION_LEVEL = 0;
				GCC_PREPROCESSOR_DEFINITIONS = (
					"DEBUG=1",
					"$(inherited)",
				);
				GCC_WARN_64_TO_32_BIT_CONVERSION = YES;
				GCC_WARN_ABOUT_RETURN_TYPE = YES_ERROR;
				GCC_WARN_UNDECLARED_SELECTOR = YES;
				GCC_WARN_UNINITIALIZED_AUTOS = YES_AGGRESSIVE;
				GCC_WARN_UNUSED_FUNCTION = YES;
				GCC_WARN_UNUSED_VARIABLE = YES;
				IPHONEOS_DEPLOYMENT_TARGET = 12.1;
				MTL_ENABLE_DEBUG_INFO = INCLUDE_SOURCE;
				MTL_FAST_MATH = YES;
				ONLY_ACTIVE_ARCH = YES;
				SDKROOT = iphoneos;
				SWIFT_ACTIVE_COMPILATION_CONDITIONS = DEBUG;
				SWIFT_OPTIMIZATION_LEVEL = "-Onone";
			};
			name = Debug;
		};
		FAC5B228220A73A700DD66CF /* Release */ = {
			isa = XCBuildConfiguration;
			buildSettings = {
				ALWAYS_SEARCH_USER_PATHS = NO;
				CLANG_ANALYZER_NONNULL = YES;
				CLANG_ANALYZER_NUMBER_OBJECT_CONVERSION = YES_AGGRESSIVE;
				CLANG_CXX_LANGUAGE_STANDARD = "gnu++14";
				CLANG_CXX_LIBRARY = "libc++";
				CLANG_ENABLE_MODULES = YES;
				CLANG_ENABLE_OBJC_ARC = YES;
				CLANG_ENABLE_OBJC_WEAK = YES;
				CLANG_WARN_BLOCK_CAPTURE_AUTORELEASING = YES;
				CLANG_WARN_BOOL_CONVERSION = YES;
				CLANG_WARN_COMMA = YES;
				CLANG_WARN_CONSTANT_CONVERSION = YES;
				CLANG_WARN_DEPRECATED_OBJC_IMPLEMENTATIONS = YES;
				CLANG_WARN_DIRECT_OBJC_ISA_USAGE = YES_ERROR;
				CLANG_WARN_DOCUMENTATION_COMMENTS = YES;
				CLANG_WARN_EMPTY_BODY = YES;
				CLANG_WARN_ENUM_CONVERSION = YES;
				CLANG_WARN_INFINITE_RECURSION = YES;
				CLANG_WARN_INT_CONVERSION = YES;
				CLANG_WARN_NON_LITERAL_NULL_CONVERSION = YES;
				CLANG_WARN_OBJC_IMPLICIT_RETAIN_SELF = YES;
				CLANG_WARN_OBJC_LITERAL_CONVERSION = YES;
				CLANG_WARN_OBJC_ROOT_CLASS = YES_ERROR;
				CLANG_WARN_RANGE_LOOP_ANALYSIS = YES;
				CLANG_WARN_STRICT_PROTOTYPES = YES;
				CLANG_WARN_SUSPICIOUS_MOVE = YES;
				CLANG_WARN_UNGUARDED_AVAILABILITY = YES_AGGRESSIVE;
				CLANG_WARN_UNREACHABLE_CODE = YES;
				CLANG_WARN__DUPLICATE_METHOD_MATCH = YES;
				CODE_SIGN_IDENTITY = "iPhone Developer";
				COPY_PHASE_STRIP = NO;
				DEBUG_INFORMATION_FORMAT = "dwarf-with-dsym";
				ENABLE_NS_ASSERTIONS = NO;
				ENABLE_STRICT_OBJC_MSGSEND = YES;
				GCC_C_LANGUAGE_STANDARD = gnu11;
				GCC_NO_COMMON_BLOCKS = YES;
				GCC_WARN_64_TO_32_BIT_CONVERSION = YES;
				GCC_WARN_ABOUT_RETURN_TYPE = YES_ERROR;
				GCC_WARN_UNDECLARED_SELECTOR = YES;
				GCC_WARN_UNINITIALIZED_AUTOS = YES_AGGRESSIVE;
				GCC_WARN_UNUSED_FUNCTION = YES;
				GCC_WARN_UNUSED_VARIABLE = YES;
				IPHONEOS_DEPLOYMENT_TARGET = 12.1;
				MTL_ENABLE_DEBUG_INFO = NO;
				MTL_FAST_MATH = YES;
				SDKROOT = iphoneos;
				SWIFT_COMPILATION_MODE = wholemodule;
				SWIFT_OPTIMIZATION_LEVEL = "-O";
				VALIDATE_PRODUCT = YES;
			};
			name = Release;
		};
		FAC5B22A220A73A700DD66CF /* Debug */ = {
			isa = XCBuildConfiguration;
			baseConfigurationReference = 4C0261AAA6ADE54C03D2C4FC /* Pods-Budget.debug.xcconfig */;
			buildSettings = {
				ASSETCATALOG_COMPILER_APPICON_NAME = AppIcon;
				CODE_SIGN_STYLE = Automatic;
				DEVELOPMENT_TEAM = EMX5WZVKLF;
				INFOPLIST_FILE = Budget/Info.plist;
				LD_RUNPATH_SEARCH_PATHS = (
					"$(inherited)",
					"@executable_path/Frameworks",
				);
				PRODUCT_BUNDLE_IDENTIFIER = com.jpapps.Budget;
				PRODUCT_NAME = "$(TARGET_NAME)";
				SWIFT_VERSION = 4.2;
				TARGETED_DEVICE_FAMILY = "1,2";
			};
			name = Debug;
		};
		FAC5B22B220A73A700DD66CF /* Release */ = {
			isa = XCBuildConfiguration;
			baseConfigurationReference = 904E0CD4B643F0A440081470 /* Pods-Budget.release.xcconfig */;
			buildSettings = {
				ASSETCATALOG_COMPILER_APPICON_NAME = AppIcon;
				CODE_SIGN_STYLE = Automatic;
				DEVELOPMENT_TEAM = EMX5WZVKLF;
				INFOPLIST_FILE = Budget/Info.plist;
				LD_RUNPATH_SEARCH_PATHS = (
					"$(inherited)",
					"@executable_path/Frameworks",
				);
				PRODUCT_BUNDLE_IDENTIFIER = com.jpapps.Budget;
				PRODUCT_NAME = "$(TARGET_NAME)";
				SWIFT_VERSION = 4.2;
				TARGETED_DEVICE_FAMILY = "1,2";
			};
			name = Release;
		};
/* End XCBuildConfiguration section */

/* Begin XCConfigurationList section */
		FAC5B212220A73A600DD66CF /* Build configuration list for PBXProject "Budget" */ = {
			isa = XCConfigurationList;
			buildConfigurations = (
				FAC5B227220A73A700DD66CF /* Debug */,
				FAC5B228220A73A700DD66CF /* Release */,
			);
			defaultConfigurationIsVisible = 0;
			defaultConfigurationName = Release;
		};
		FAC5B229220A73A700DD66CF /* Build configuration list for PBXNativeTarget "Budget" */ = {
			isa = XCConfigurationList;
			buildConfigurations = (
				FAC5B22A220A73A700DD66CF /* Debug */,
				FAC5B22B220A73A700DD66CF /* Release */,
			);
			defaultConfigurationIsVisible = 0;
			defaultConfigurationName = Release;
		};
/* End XCConfigurationList section */
	};
	rootObject = FAC5B20F220A73A600DD66CF /* Project object */;
}
